{
  "requires": true,
  "lockfileVersion": 1,
  "dependencies": {
    "dom-parser": {
      "version": "0.1.6",
      "resolved": "https://registry.npmjs.org/dom-parser/-/dom-parser-0.1.6.tgz",
      "integrity": "sha512-3nVRKbLEwmGfghLoeT1dxlK/0votalnOfasP+8VCHYDfDuCETY4LeMblfOeqww6XZk2ymZ1Uewy/hVad6Dy3yw=="
    }
  }
}
